{
  "name": "mapreduce",
  "version": "1.0.0",
  "lockfileVersion": 1,
  "requires": true,
  "dependencies": {
    "camelcase": {
      "version": "5.0.0",
      "resolved": "https://registry.npmjs.org/camelcase/-/camelcase-5.0.0.tgz",
      "integrity": "sha512-faqwZqnWxbxn+F1d399ygeamQNy3lPp/H9H6rNrqYh4FSVCtcY+3cub1MxA8o9mDd55mM8Aghuu/kuyYA6VTsA=="
    },
    "read-env": {
      "version": "1.3.0",
      "resolved": "https://registry.npmjs.org/read-env/-/read-env-1.3.0.tgz",
      "integrity": "sha512-DbCgZ8oHwZreK/E2E27RGk3EUPapMhYGSGIt02k9sX6R3tCFc4u4tkltKvkCvzEQ3SOLUaiYHAnGb+TdsnPp0A==",
      "requires": {
        "camelcase": "5.0.0"
      }
    }
  }
}
