{
  "name": "mapreduce",
  "version": "1.0.0",
  "lockfileVersion": 1,
  "requires": true,
  "dependencies": {
    "any-promise": {
      "version": "1.3.0",
      "resolved": "https://registry.npmjs.org/any-promise/-/any-promise-1.3.0.tgz",
      "integrity": "sha1-q8av7tzqUugJzcA3au0845Y10X8="
    },
    "async-limiter": {
      "version": "1.0.0",
      "resolved": "https://registry.npmjs.org/async-limiter/-/async-limiter-1.0.0.tgz",
      "integrity": "sha512-jp/uFnooOiO+L211eZOoSyzpOITMXx1rBITauYykG3BRYPu8h0UcxsPNB04RR5vo4Tyz3+ay17tR6JVf9qzYWg=="
    },
    "camelcase": {
      "version": "5.0.0",
      "resolved": "https://registry.npmjs.org/camelcase/-/camelcase-5.0.0.tgz",
      "integrity": "sha512-faqwZqnWxbxn+F1d399ygeamQNy3lPp/H9H6rNrqYh4FSVCtcY+3cub1MxA8o9mDd55mM8Aghuu/kuyYA6VTsA=="
    },
    "colors": {
      "version": "1.3.3",
      "resolved": "https://registry.npmjs.org/colors/-/colors-1.3.3.tgz",
      "integrity": "sha512-mmGt/1pZqYRjMxB1axhTo16/snVZ5krrKkcmMeVKxzECMMXoCgnvTPp10QgHfcbQZw8Dq2jMNG6je4JlWU0gWg=="
    },
    "core-util-is": {
      "version": "1.0.2",
      "resolved": "https://registry.npmjs.org/core-util-is/-/core-util-is-1.0.2.tgz",
      "integrity": "sha1-tf1UIgqivFq1eqtxQMlAdUUDwac="
    },
    "csv-streamify": {
      "version": "4.0.0",
      "resolved": "https://registry.npmjs.org/csv-streamify/-/csv-streamify-4.0.0.tgz",
      "integrity": "sha512-d+QZf8WaKwn/8/dJDyN0TFkmSH0fHBFJSyz+ujC2a5sGvXgxEj3zBwqx/mLoPMJ+YbI9H7n3h5YL4uAHUj731w==",
      "requires": {
        "through2": "2.0.3"
      },
      "dependencies": {
        "readable-stream": {
          "version": "2.3.6",
          "resolved": "https://registry.npmjs.org/readable-stream/-/readable-stream-2.3.6.tgz",
          "integrity": "sha512-tQtKA9WIAhBF3+VLAseyMqZeBjW0AHJoxOtYqSUZNJxauErmLbVm2FW1y+J/YA9dUrAC39ITejlZWhVIwawkKw==",
          "requires": {
            "core-util-is": "~1.0.0",
            "inherits": "~2.0.3",
            "isarray": "~1.0.0",
            "process-nextick-args": "~2.0.0",
            "safe-buffer": "~5.1.1",
            "string_decoder": "~1.1.1",
            "util-deprecate": "~1.0.1"
          }
        },
        "string_decoder": {
          "version": "1.1.1",
          "resolved": "https://registry.npmjs.org/string_decoder/-/string_decoder-1.1.1.tgz",
          "integrity": "sha512-n/ShnvDi6FHbbVfviro+WojiFzv+s8MPMHBczVePfUpDJLwoLT0ht1l4YwBCbi8pJAveEEdnkHyPyTP/mzRfwg==",
          "requires": {
            "safe-buffer": "~5.1.0"
          }
        },
        "through2": {
          "version": "2.0.3",
          "resolved": "https://registry.npmjs.org/through2/-/through2-2.0.3.tgz",
          "integrity": "sha1-AARWmzfHx0ujnEPzzteNGtlBQL4=",
          "requires": {
            "readable-stream": "^2.1.5",
            "xtend": "~4.0.1"
          }
        }
      }
    },
    "inherits": {
      "version": "2.0.3",
      "resolved": "https://registry.npmjs.org/inherits/-/inherits-2.0.3.tgz",
      "integrity": "sha1-Yzwsg+PaQqUC9SRmAiSA9CCCYd4="
    },
    "isarray": {
      "version": "1.0.0",
      "resolved": "https://registry.npmjs.org/isarray/-/isarray-1.0.0.tgz",
      "integrity": "sha1-u5NdSFgsuhaMBoNJV6VKPgcSTxE="
    },
    "process-nextick-args": {
      "version": "2.0.0",
      "resolved": "https://registry.npmjs.org/process-nextick-args/-/process-nextick-args-2.0.0.tgz",
      "integrity": "sha512-MtEC1TqN0EU5nephaJ4rAtThHtC86dNN9qCuEhtshvpVBkAW5ZO7BASN9REnF9eoXGcRub+pFuKEpOHE+HbEMw=="
    },
    "read-env": {
      "version": "1.3.0",
      "resolved": "https://registry.npmjs.org/read-env/-/read-env-1.3.0.tgz",
      "integrity": "sha512-DbCgZ8oHwZreK/E2E27RGk3EUPapMhYGSGIt02k9sX6R3tCFc4u4tkltKvkCvzEQ3SOLUaiYHAnGb+TdsnPp0A==",
      "requires": {
        "camelcase": "5.0.0"
      }
    },
    "require-from-string": {
      "version": "2.0.2",
      "resolved": "https://registry.npmjs.org/require-from-string/-/require-from-string-2.0.2.tgz",
      "integrity": "sha512-Xf0nWe6RseziFMu+Ap9biiUbmplq6S9/p+7w7YXP/JBHhrUDDUhwa+vANyubuqfZWTveU//DYVGsDG7RKL/vEw=="
    },
    "safe-buffer": {
      "version": "5.1.2",
      "resolved": "https://registry.npmjs.org/safe-buffer/-/safe-buffer-5.1.2.tgz",
      "integrity": "sha512-Gd2UZBJDkXlY7GbJxfsE8/nvKkUEU1G38c1siN6QP6a9PT9MmHB8GnpscSmMJSoF8LOIrt8ud/wPtojys4G6+g=="
    },
    "stream-to-array": {
      "version": "2.3.0",
      "resolved": "https://registry.npmjs.org/stream-to-array/-/stream-to-array-2.3.0.tgz",
      "integrity": "sha1-u/azn19D7DC8cbq8s3VXrOzzQ1M=",
      "requires": {
        "any-promise": "^1.1.0"
      }
    },
    "stream-to-promise": {
      "version": "2.2.0",
      "resolved": "https://registry.npmjs.org/stream-to-promise/-/stream-to-promise-2.2.0.tgz",
      "integrity": "sha1-se2y4cjLESidG1A8CNPyrvUeZQ8=",
      "requires": {
        "any-promise": "~1.3.0",
        "end-of-stream": "~1.1.0",
        "stream-to-array": "~2.3.0"
      },
      "dependencies": {
        "end-of-stream": {
          "version": "1.1.0",
          "resolved": "https://registry.npmjs.org/end-of-stream/-/end-of-stream-1.1.0.tgz",
          "integrity": "sha1-6TUyWLqpEIll78QcsO+K3i88+wc=",
          "requires": {
            "once": "~1.3.0"
          }
        },
        "once": {
          "version": "1.3.3",
          "resolved": "https://registry.npmjs.org/once/-/once-1.3.3.tgz",
          "integrity": "sha1-suJhVXzkwxTsgwTz+oJmPkKXyiA=",
          "requires": {
            "wrappy": "1"
          }
        }
      }
    },
    "tap-stream": {
      "version": "0.2.0",
      "resolved": "https://registry.npmjs.org/tap-stream/-/tap-stream-0.2.0.tgz",
      "integrity": "sha1-o8YQsuNLDFCqXxJjl3yVkB/F3q4=",
      "requires": {
        "through": "~2.3.4"
      }
    },
    "through": {
      "version": "2.3.8",
      "resolved": "https://registry.npmjs.org/through/-/through-2.3.8.tgz",
      "integrity": "sha1-DdTJ/6q8NXlgsbckEV1+Doai4fU="
    },
    "through2-map": {
      "version": "3.0.0",
      "resolved": "https://registry.npmjs.org/through2-map/-/through2-map-3.0.0.tgz",
      "integrity": "sha1-psMCbOY7SJipl9VAUGtm/9lw8nE=",
      "requires": {
        "through2": "~2.0.0",
        "xtend": "^4.0.0"
      },
      "dependencies": {
        "readable-stream": {
          "version": "2.3.6",
          "resolved": "https://registry.npmjs.org/readable-stream/-/readable-stream-2.3.6.tgz",
          "integrity": "sha512-tQtKA9WIAhBF3+VLAseyMqZeBjW0AHJoxOtYqSUZNJxauErmLbVm2FW1y+J/YA9dUrAC39ITejlZWhVIwawkKw==",
          "requires": {
            "core-util-is": "~1.0.0",
            "inherits": "~2.0.3",
            "isarray": "~1.0.0",
            "process-nextick-args": "~2.0.0",
            "safe-buffer": "~5.1.1",
            "string_decoder": "~1.1.1",
            "util-deprecate": "~1.0.1"
          }
        },
        "string_decoder": {
          "version": "1.1.1",
          "resolved": "https://registry.npmjs.org/string_decoder/-/string_decoder-1.1.1.tgz",
          "integrity": "sha512-n/ShnvDi6FHbbVfviro+WojiFzv+s8MPMHBczVePfUpDJLwoLT0ht1l4YwBCbi8pJAveEEdnkHyPyTP/mzRfwg==",
          "requires": {
            "safe-buffer": "~5.1.0"
          }
        },
        "through2": {
          "version": "2.0.5",
          "resolved": "https://registry.npmjs.org/through2/-/through2-2.0.5.tgz",
          "integrity": "sha512-/mrRod8xqpA+IHSLyGCQ2s8SPHiCDEeQJSep1jqLYeEUClOFG2Qsh+4FU6G9VeqpZnGW/Su8LQGc4YKni5rYSQ==",
          "requires": {
            "readable-stream": "~2.3.6",
            "xtend": "~4.0.1"
          }
        }
      }
    },
    "through2-reduce": {
      "version": "1.1.1",
      "resolved": "https://registry.npmjs.org/through2-reduce/-/through2-reduce-1.1.1.tgz",
      "integrity": "sha1-QCv5qWQO//9RNpkbx9xyoqdnJRw=",
      "requires": {
        "through2": "~2.0.0",
        "xtend": "~4.0.1"
      },
      "dependencies": {
        "readable-stream": {
          "version": "2.3.6",
          "resolved": "https://registry.npmjs.org/readable-stream/-/readable-stream-2.3.6.tgz",
          "integrity": "sha512-tQtKA9WIAhBF3+VLAseyMqZeBjW0AHJoxOtYqSUZNJxauErmLbVm2FW1y+J/YA9dUrAC39ITejlZWhVIwawkKw==",
          "requires": {
            "core-util-is": "~1.0.0",
            "inherits": "~2.0.3",
            "isarray": "~1.0.0",
            "process-nextick-args": "~2.0.0",
            "safe-buffer": "~5.1.1",
            "string_decoder": "~1.1.1",
            "util-deprecate": "~1.0.1"
          }
        },
        "string_decoder": {
          "version": "1.1.1",
          "resolved": "https://registry.npmjs.org/string_decoder/-/string_decoder-1.1.1.tgz",
          "integrity": "sha512-n/ShnvDi6FHbbVfviro+WojiFzv+s8MPMHBczVePfUpDJLwoLT0ht1l4YwBCbi8pJAveEEdnkHyPyTP/mzRfwg==",
          "requires": {
            "safe-buffer": "~5.1.0"
          }
        },
        "through2": {
          "version": "2.0.5",
          "resolved": "https://registry.npmjs.org/through2/-/through2-2.0.5.tgz",
          "integrity": "sha512-/mrRod8xqpA+IHSLyGCQ2s8SPHiCDEeQJSep1jqLYeEUClOFG2Qsh+4FU6G9VeqpZnGW/Su8LQGc4YKni5rYSQ==",
          "requires": {
            "readable-stream": "~2.3.6",
            "xtend": "~4.0.1"
          }
        }
      }
    },
    "util-deprecate": {
      "version": "1.0.2",
      "resolved": "https://registry.npmjs.org/util-deprecate/-/util-deprecate-1.0.2.tgz",
      "integrity": "sha1-RQ1Nyfpw3nMnYvvS1KKJgUGaDM8="
    },
    "wrappy": {
      "version": "1.0.2",
      "resolved": "https://registry.npmjs.org/wrappy/-/wrappy-1.0.2.tgz",
      "integrity": "sha1-tSQ9jz7BqjXxNkYFvA0QNuMKtp8="
    },
    "ws": {
      "version": "6.1.4",
      "resolved": "https://registry.npmjs.org/ws/-/ws-6.1.4.tgz",
      "integrity": "sha512-eqZfL+NE/YQc1/ZynhojeV8q+H050oR8AZ2uIev7RU10svA9ZnJUddHcOUZTJLinZ9yEfdA2kSATS2qZK5fhJA==",
      "requires": {
        "async-limiter": "~1.0.0"
      }
    },
    "xtend": {
      "version": "4.0.1",
      "resolved": "https://registry.npmjs.org/xtend/-/xtend-4.0.1.tgz",
      "integrity": "sha1-pcbVMr5lbiPbgg77lDofBJmNY68="
    }
  }
}
